{
  "object": {
    "pins": [
      {
        "package": "LocalizedDeviceModel",
        "repositoryURL": "https://github.com/bixcorp/BDLocalizedDevicesModels",
        "state": {
          "branch": null,
          "revision": "7ad37680d841b7edbaa8d3bd24e33c9281b0f997",
          "version": "3.2.0"
        }
      }
    ]
  },
  "version": 1
}
